
Microsoft Visual Studio Solution File, Format Version 12.00
Project("{FAE04EC0-301F-11D3-BF4B-00C04F79EFBC}") = "CodePulse.API", "CodePulse.API\CodePulse.API.csproj", "{468CCD0A-3CAE-4509-A24A-62467E63FCD2}"
EndProject
Global
	GlobalSection(SolutionConfigurationPlatforms) = preSolution
		Debug|Any CPU = Debug|Any CPU
		Release|Any CPU = Release|Any CPU
	EndGlobalSection
	GlobalSection(ProjectConfigurationPlatforms) = postSolution
		{468CCD0A-3CAE-4509-A24A-62467E63FCD2}.Debug|Any CPU.ActiveCfg = Debug|Any CPU
		{468CCD0A-3CAE-4509-A24A-62467E63FCD2}.Debug|Any CPU.Build.0 = Debug|Any CPU
		{468CCD0A-3CAE-4509-A24A-62467E63FCD2}.Release|Any CPU.ActiveCfg = Release|Any CPU
		{468CCD0A-3CAE-4509-A24A-62467E63FCD2}.Release|Any CPU.Build.0 = Release|Any CPU
	EndGlobalSection
EndGlobal
